
Microsoft Visual Studio Solution File, Format Version 12.00
# Visual Studio 2013
VisualStudioVersion = 12.0.31101.0
MinimumVisualStudioVersion = 10.0.40219.1
Project("{FAE04EC0-301F-11D3-BF4B-00C04F79EFBC}") = "MyEF", "MyEF\MyEF.csproj", "{B0E5A1B5-E2E8-471A-B773-23C8F3771F2D}"
EndProject
Project("{FAE04EC0-301F-11D3-BF4B-00C04F79EFBC}") = "实体关系", "实体关系\实体关系.csproj", "{AA4DC694-CD45-401A-BAF6-89B6B6234DC1}"
EndProject
Project("{FAE04EC0-301F-11D3-BF4B-00C04F79EFBC}") = "OneToOne", "OneToOne\OneToOne.csproj", "{78068F42-85D9-4C48-A604-3090E2673BD9}"
EndProject
Project("{FAE04EC0-301F-11D3-BF4B-00C04F79EFBC}") = "OneToMany", "OneToMany\OneToMany.csproj", "{B459E79F-B46F-4A98-85FF-6A0A1B7E07C4}"
EndProject
Project("{FAE04EC0-301F-11D3-BF4B-00C04F79EFBC}") = "ManyToMany", "ManyToMany\ManyToMany.csproj", "{75A868BE-A453-4B66-96A8-645D05662E27}"
EndProject
Global
	GlobalSection(SolutionConfigurationPlatforms) = preSolution
		Debug|Any CPU = Debug|Any CPU
		Release|Any CPU = Release|Any CPU
	EndGlobalSection
	GlobalSection(ProjectConfigurationPlatforms) = postSolution
		{B0E5A1B5-E2E8-471A-B773-23C8F3771F2D}.Debug|Any CPU.ActiveCfg = Debug|Any CPU
		{B0E5A1B5-E2E8-471A-B773-23C8F3771F2D}.Debug|Any CPU.Build.0 = Debug|Any CPU
		{B0E5A1B5-E2E8-471A-B773-23C8F3771F2D}.Release|Any CPU.ActiveCfg = Release|Any CPU
		{B0E5A1B5-E2E8-471A-B773-23C8F3771F2D}.Release|Any CPU.Build.0 = Release|Any CPU
		{AA4DC694-CD45-401A-BAF6-89B6B6234DC1}.Debug|Any CPU.ActiveCfg = Debug|Any CPU
		{AA4DC694-CD45-401A-BAF6-89B6B6234DC1}.Debug|Any CPU.Build.0 = Debug|Any CPU
		{AA4DC694-CD45-401A-BAF6-89B6B6234DC1}.Release|Any CPU.ActiveCfg = Release|Any CPU
		{AA4DC694-CD45-401A-BAF6-89B6B6234DC1}.Release|Any CPU.Build.0 = Release|Any CPU
		{78068F42-85D9-4C48-A604-3090E2673BD9}.Debug|Any CPU.ActiveCfg = Debug|Any CPU
		{78068F42-85D9-4C48-A604-3090E2673BD9}.Debug|Any CPU.Build.0 = Debug|Any CPU
		{78068F42-85D9-4C48-A604-3090E2673BD9}.Release|Any CPU.ActiveCfg = Release|Any CPU
		{78068F42-85D9-4C48-A604-3090E2673BD9}.Release|Any CPU.Build.0 = Release|Any CPU
		{B459E79F-B46F-4A98-85FF-6A0A1B7E07C4}.Debug|Any CPU.ActiveCfg = Debug|Any CPU
		{B459E79F-B46F-4A98-85FF-6A0A1B7E07C4}.Debug|Any CPU.Build.0 = Debug|Any CPU
		{B459E79F-B46F-4A98-85FF-6A0A1B7E07C4}.Release|Any CPU.ActiveCfg = Release|Any CPU
		{B459E79F-B46F-4A98-85FF-6A0A1B7E07C4}.Release|Any CPU.Build.0 = Release|Any CPU
		{75A868BE-A453-4B66-96A8-645D05662E27}.Debug|Any CPU.ActiveCfg = Debug|Any CPU
		{75A868BE-A453-4B66-96A8-645D05662E27}.Debug|Any CPU.Build.0 = Debug|Any CPU
		{75A868BE-A453-4B66-96A8-645D05662E27}.Release|Any CPU.ActiveCfg = Release|Any CPU
		{75A868BE-A453-4B66-96A8-645D05662E27}.Release|Any CPU.Build.0 = Release|Any CPU
	EndGlobalSection
	GlobalSection(SolutionProperties) = preSolution
		HideSolutionNode = FALSE
	EndGlobalSection
EndGlobal
